
Microsoft Visual Studio Solution File, Format Version 12.00
# Visual Studio 14
VisualStudioVersion = 14.0.25420.1
MinimumVisualStudioVersion = 10.0.40219.1
Project("{FAE04EC0-301F-11D3-BF4B-00C04F79EFBC}") = "Entidades", "ConsoleApplication1\Entidades.csproj", "{AA2E3045-4F29-4CE5-BFCD-59E6B35A717F}"
EndProject
Project("{FAE04EC0-301F-11D3-BF4B-00C04F79EFBC}") = "Data", "ConsoleApplication2\Data.csproj", "{BA4DF23B-37EC-485A-88C4-0C185D636F7D}"
EndProject
Project("{FAE04EC0-301F-11D3-BF4B-00C04F79EFBC}") = "TestEF", "ConsoleApplication3\TestEF.csproj", "{E738F1A2-66DA-42AA-A50D-503BEC698649}"
EndProject
Global
	GlobalSection(SolutionConfigurationPlatforms) = preSolution
		Debug|Any CPU = Debug|Any CPU
		Release|Any CPU = Release|Any CPU
	EndGlobalSection
	GlobalSection(ProjectConfigurationPlatforms) = postSolution
		{AA2E3045-4F29-4CE5-BFCD-59E6B35A717F}.Debug|Any CPU.ActiveCfg = Debug|Any CPU
		{AA2E3045-4F29-4CE5-BFCD-59E6B35A717F}.Debug|Any CPU.Build.0 = Debug|Any CPU
		{AA2E3045-4F29-4CE5-BFCD-59E6B35A717F}.Release|Any CPU.ActiveCfg = Release|Any CPU
		{AA2E3045-4F29-4CE5-BFCD-59E6B35A717F}.Release|Any CPU.Build.0 = Release|Any CPU
		{BA4DF23B-37EC-485A-88C4-0C185D636F7D}.Debug|Any CPU.ActiveCfg = Debug|Any CPU
		{BA4DF23B-37EC-485A-88C4-0C185D636F7D}.Debug|Any CPU.Build.0 = Debug|Any CPU
		{BA4DF23B-37EC-485A-88C4-0C185D636F7D}.Release|Any CPU.ActiveCfg = Release|Any CPU
		{BA4DF23B-37EC-485A-88C4-0C185D636F7D}.Release|Any CPU.Build.0 = Release|Any CPU
		{E738F1A2-66DA-42AA-A50D-503BEC698649}.Debug|Any CPU.ActiveCfg = Debug|Any CPU
		{E738F1A2-66DA-42AA-A50D-503BEC698649}.Debug|Any CPU.Build.0 = Debug|Any CPU
		{E738F1A2-66DA-42AA-A50D-503BEC698649}.Release|Any CPU.ActiveCfg = Release|Any CPU
		{E738F1A2-66DA-42AA-A50D-503BEC698649}.Release|Any CPU.Build.0 = Release|Any CPU
	EndGlobalSection
	GlobalSection(SolutionProperties) = preSolution
		HideSolutionNode = FALSE
	EndGlobalSection
EndGlobal
